
Microsoft Visual Studio Solution File, Format Version 12.00
# Visual Studio 2013
VisualStudioVersion = 12.0.31101.0
MinimumVisualStudioVersion = 10.0.40219.1
Project("{FAE04EC0-301F-11D3-BF4B-00C04F79EFBC}") = "WcfBinarySurrogate", "WcfBinarySurrogate\WcfBinarySurrogate.csproj", "{EAA95BF2-3DC0-4687-B679-D49854F588D6}"
EndProject
Project("{FAE04EC0-301F-11D3-BF4B-00C04F79EFBC}") = "TestWcfService", "TestWcfService\TestWcfService.csproj", "{36A5468A-0668-4794-AB66-D3F1884091FE}"
EndProject
Project("{FAE04EC0-301F-11D3-BF4B-00C04F79EFBC}") = "TestClient", "TestClient\TestClient.csproj", "{35EB5189-F0C0-449B-B3EE-A28C3D7684B2}"
	ProjectSection(ProjectDependencies) = postProject
		{36A5468A-0668-4794-AB66-D3F1884091FE} = {36A5468A-0668-4794-AB66-D3F1884091FE}
	EndProjectSection
EndProject
Global
	GlobalSection(SolutionConfigurationPlatforms) = preSolution
		Debug|Any CPU = Debug|Any CPU
		Release|Any CPU = Release|Any CPU
	EndGlobalSection
	GlobalSection(ProjectConfigurationPlatforms) = postSolution
		{EAA95BF2-3DC0-4687-B679-D49854F588D6}.Debug|Any CPU.ActiveCfg = Debug|Any CPU
		{EAA95BF2-3DC0-4687-B679-D49854F588D6}.Debug|Any CPU.Build.0 = Debug|Any CPU
		{EAA95BF2-3DC0-4687-B679-D49854F588D6}.Release|Any CPU.ActiveCfg = Release|Any CPU
		{EAA95BF2-3DC0-4687-B679-D49854F588D6}.Release|Any CPU.Build.0 = Release|Any CPU
		{36A5468A-0668-4794-AB66-D3F1884091FE}.Debug|Any CPU.ActiveCfg = Debug|Any CPU
		{36A5468A-0668-4794-AB66-D3F1884091FE}.Debug|Any CPU.Build.0 = Debug|Any CPU
		{36A5468A-0668-4794-AB66-D3F1884091FE}.Release|Any CPU.ActiveCfg = Release|Any CPU
		{36A5468A-0668-4794-AB66-D3F1884091FE}.Release|Any CPU.Build.0 = Release|Any CPU
		{35EB5189-F0C0-449B-B3EE-A28C3D7684B2}.Debug|Any CPU.ActiveCfg = Debug|Any CPU
		{35EB5189-F0C0-449B-B3EE-A28C3D7684B2}.Debug|Any CPU.Build.0 = Debug|Any CPU
		{35EB5189-F0C0-449B-B3EE-A28C3D7684B2}.Release|Any CPU.ActiveCfg = Release|Any CPU
		{35EB5189-F0C0-449B-B3EE-A28C3D7684B2}.Release|Any CPU.Build.0 = Release|Any CPU
	EndGlobalSection
	GlobalSection(SolutionProperties) = preSolution
		HideSolutionNode = FALSE
	EndGlobalSection
EndGlobal
